
Microsoft Visual Studio Solution File, Format Version 12.00
# Visual Studio Version 17
VisualStudioVersion = 17.13.35919.96 d17.13
MinimumVisualStudioVersion = 10.0.40219.1
Project("{FAE04EC0-301F-11D3-BF4B-00C04F79EFBC}") = "OOADCafeShopManagement", "OOADCafeShopManagement.csproj", "{153298B4-CF0E-45ED-96EE-A34CD36FC501}"
EndProject
Global
	GlobalSection(SolutionConfigurationPlatforms) = preSolution
		Debug|Any CPU = Debug|Any CPU
		Release|Any CPU = Release|Any CPU
	EndGlobalSection
	GlobalSection(ProjectConfigurationPlatforms) = postSolution
		{153298B4-CF0E-45ED-96EE-A34CD36FC501}.Debug|Any CPU.ActiveCfg = Debug|Any CPU
		{153298B4-CF0E-45ED-96EE-A34CD36FC501}.Debug|Any CPU.Build.0 = Debug|Any CPU
		{153298B4-CF0E-45ED-96EE-A34CD36FC501}.Release|Any CPU.ActiveCfg = Release|Any CPU
		{153298B4-CF0E-45ED-96EE-A34CD36FC501}.Release|Any CPU.Build.0 = Release|Any CPU
	EndGlobalSection
	GlobalSection(SolutionProperties) = preSolution
		HideSolutionNode = FALSE
	EndGlobalSection
	GlobalSection(ExtensibilityGlobals) = postSolution
		SolutionGuid = {86C93967-3FCC-4A33-A1D4-CC7DE828D871}
	EndGlobalSection
EndGlobal
